// !$*UTF8*$!
{
	archiveVersion = 1;
	classes = {
	};
	objectVersion = 46;
	objects = {

/* Begin PBXBuildFile section */
		6E1D9FB31A655F1C008F6B0B /* main.m in Sources */ = {isa = PBXBuildFile; fileRef = 6E1D9FB21A655F1C008F6B0B /* main.m */; };
		6E1D9FB61A655F1C008F6B0B /* AppDelegate.m in Sources */ = {isa = PBXBuildFile; fileRef = 6E1D9FB51A655F1C008F6B0B /* AppDelegate.m */; };
		6E1D9FB91A655F1C008F6B0B /* ViewController.m in Sources */ = {isa = PBXBuildFile; fileRef = 6E1D9FB81A655F1C008F6B0B /* ViewController.m */; };
		6E1D9FBC1A655F1C008F6B0B /* Main.storyboard in Resources */ = {isa = PBXBuildFile; fileRef = 6E1D9FBA1A655F1C008F6B0B /* Main.storyboard */; };
		6E1D9FBE1A655F1C008F6B0B /* Images.xcassets in Resources */ = {isa = PBXBuildFile; fileRef = 6E1D9FBD1A655F1C008F6B0B /* Images.xcassets */; };
		6E1D9FC11A655F1C008F6B0B /* LaunchScreen.xib in Resources */ = {isa = PBXBuildFile; fileRef = 6E1D9FBF1A655F1C008F6B0B /* LaunchScreen.xib */; };
		6E1D9FCD1A655F1C008F6B0B /* PebbleKit_iOS_Tutorial_3Tests.m in Sources */ = {isa = PBXBuildFile; fileRef = 6E1D9FCC1A655F1C008F6B0B /* PebbleKit_iOS_Tutorial_3Tests.m */; };
		6E52878E1A732EB400625DFB /* paper.png in Resources */ = {isa = PBXBuildFile; fileRef = 6E52878A1A732EB400625DFB /* paper.png */; };
		6E52878F1A732EB400625DFB /* rock.png in Resources */ = {isa = PBXBuildFile; fileRef = 6E52878B1A732EB400625DFB /* rock.png */; };
		6E5287901A732EB400625DFB /* scissors.png in Resources */ = {isa = PBXBuildFile; fileRef = 6E52878C1A732EB400625DFB /* scissors.png */; };
		6E5287911A732EB400625DFB /* unknown.png in Resources */ = {isa = PBXBuildFile; fileRef = 6E52878D1A732EB400625DFB /* unknown.png */; };
		CD38C9BFEBCAA280A9714A41 /* libPods.a in Frameworks */ = {isa = PBXBuildFile; fileRef = B4A7E4DE6CF1A9A3AC3D6395 /* libPods.a */; };
/* End PBXBuildFile section */

/* Begin PBXContainerItemProxy section */
		6E1D9FC71A655F1C008F6B0B /* PBXContainerItemProxy */ = {
			isa = PBXContainerItemProxy;
			containerPortal = 6E1D9FA51A655F1C008F6B0B /* Project object */;
			proxyType = 1;
			remoteGlobalIDString = 6E1D9FAC1A655F1C008F6B0B;
			remoteInfo = "PebbleKit-iOS-Tutorial-3";
		};
/* End PBXContainerItemProxy section */

/* Begin PBXFileReference section */
		6E1D9FAD1A655F1C008F6B0B /* PebbleKit-iOS-Tutorial-3.app */ = {isa = PBXFileReference; explicitFileType = wrapper.application; includeInIndex = 0; path = "PebbleKit-iOS-Tutorial-3.app"; sourceTree = BUILT_PRODUCTS_DIR; };
		6E1D9FB11A655F1C008F6B0B /* Info.plist */ = {isa = PBXFileReference; lastKnownFileType = text.plist.xml; path = Info.plist; sourceTree = "<group>"; };
		6E1D9FB21A655F1C008F6B0B /* main.m */ = {isa = PBXFileReference; lastKnownFileType = sourcecode.c.objc; path = main.m; sourceTree = "<group>"; };
		6E1D9FB41A655F1C008F6B0B /* AppDelegate.h */ = {isa = PBXFileReference; lastKnownFileType = sourcecode.c.h; path = AppDelegate.h; sourceTree = "<group>"; };
		6E1D9FB51A655F1C008F6B0B /* AppDelegate.m */ = {isa = PBXFileReference; lastKnownFileType = sourcecode.c.objc; path = AppDelegate.m; sourceTree = "<group>"; };
		6E1D9FB71A655F1C008F6B0B /* ViewController.h */ = {isa = PBXFileReference; lastKnownFileType = sourcecode.c.h; path = ViewController.h; sourceTree = "<group>"; };
		6E1D9FB81A655F1C008F6B0B /* ViewController.m */ = {isa = PBXFileReference; lastKnownFileType = sourcecode.c.objc; path = ViewController.m; sourceTree = "<group>"; };
		6E1D9FBB1A655F1C008F6B0B /* Base */ = {isa = PBXFileReference; lastKnownFileType = file.storyboard; name = Base; path = Base.lproj/Main.storyboard; sourceTree = "<group>"; };
		6E1D9FBD1A655F1C008F6B0B /* Images.xcassets */ = {isa = PBXFileReference; lastKnownFileType = folder.assetcatalog; path = Images.xcassets; sourceTree = "<group>"; };
		6E1D9FC01A655F1C008F6B0B /* Base */ = {isa = PBXFileReference; lastKnownFileType = file.xib; name = Base; path = Base.lproj/LaunchScreen.xib; sourceTree = "<group>"; };
		6E1D9FC61A655F1C008F6B0B /* PebbleKit-iOS-Tutorial-3Tests.xctest */ = {isa = PBXFileReference; explicitFileType = wrapper.cfbundle; includeInIndex = 0; path = "PebbleKit-iOS-Tutorial-3Tests.xctest"; sourceTree = BUILT_PRODUCTS_DIR; };
		6E1D9FCB1A655F1C008F6B0B /* Info.plist */ = {isa = PBXFileReference; lastKnownFileType = text.plist.xml; path = Info.plist; sourceTree = "<group>"; };
		6E1D9FCC1A655F1C008F6B0B /* PebbleKit_iOS_Tutorial_3Tests.m */ = {isa = PBXFileReference; lastKnownFileType = sourcecode.c.objc; path = PebbleKit_iOS_Tutorial_3Tests.m; sourceTree = "<group>"; };
		6E52878A1A732EB400625DFB /* paper.png */ = {isa = PBXFileReference; lastKnownFileType = image.png; path = paper.png; sourceTree = "<group>"; };
		6E52878B1A732EB400625DFB /* rock.png */ = {isa = PBXFileReference; lastKnownFileType = image.png; path = rock.png; sourceTree = "<group>"; };
		6E52878C1A732EB400625DFB /* scissors.png */ = {isa = PBXFileReference; lastKnownFileType = image.png; path = scissors.png; sourceTree = "<group>"; };
		6E52878D1A732EB400625DFB /* unknown.png */ = {isa = PBXFileReference; lastKnownFileType = image.png; path = unknown.png; sourceTree = "<group>"; };
		9C550FAC40F0CCA2A9C5F208 /* Pods.release.xcconfig */ = {isa = PBXFileReference; includeInIndex = 1; lastKnownFileType = text.xcconfig; name = Pods.release.xcconfig; path = "Pods/Target Support Files/Pods/Pods.release.xcconfig"; sourceTree = "<group>"; };
		9E1FFA1D90D9899645BC80DD /* Pods.debug.xcconfig */ = {isa = PBXFileReference; includeInIndex = 1; lastKnownFileType = text.xcconfig; name = Pods.debug.xcconfig; path = "Pods/Target Support Files/Pods/Pods.debug.xcconfig"; sourceTree = "<group>"; };
		B4A7E4DE6CF1A9A3AC3D6395 /* libPods.a */ = {isa = PBXFileReference; explicitFileType = archive.ar; includeInIndex = 0; path = libPods.a; sourceTree = BUILT_PRODUCTS_DIR; };
/* End PBXFileReference section */

/* Begin PBXFrameworksBuildPhase section */
		6E1D9FAA1A655F1C008F6B0B /* Frameworks */ = {
			isa = PBXFrameworksBuildPhase;
			buildActionMask = 2147483647;
			files = (
				CD38C9BFEBCAA280A9714A41 /* libPods.a in Frameworks */,
			);
			runOnlyForDeploymentPostprocessing = 0;
		};
		6E1D9FC31A655F1C008F6B0B /* Frameworks */ = {
			isa = PBXFrameworksBuildPhase;
			buildActionMask = 2147483647;
			files = (
			);
			runOnlyForDeploymentPostprocessing = 0;
		};
/* End PBXFrameworksBuildPhase section */

/* Begin PBXGroup section */
		6BD47F43096DBE06D20129A0 /* Frameworks */ = {
			isa = PBXGroup;
			children = (
				B4A7E4DE6CF1A9A3AC3D6395 /* libPods.a */,
			);
			name = Frameworks;
			sourceTree = "<group>";
		};
		6E1D9FA41A655F1C008F6B0B = {
			isa = PBXGroup;
			children = (
				6E1D9FAF1A655F1C008F6B0B /* PebbleKit-iOS-Tutorial-3 */,
				6E1D9FC91A655F1C008F6B0B /* PebbleKit-iOS-Tutorial-3Tests */,
				6E1D9FAE1A655F1C008F6B0B /* Products */,
				A33219C43F8249F1A3162CB7 /* Pods */,
				6BD47F43096DBE06D20129A0 /* Frameworks */,
			);
			sourceTree = "<group>";
		};
		6E1D9FAE1A655F1C008F6B0B /* Products */ = {
			isa = PBXGroup;
			children = (
				6E1D9FAD1A655F1C008F6B0B /* PebbleKit-iOS-Tutorial-3.app */,
				6E1D9FC61A655F1C008F6B0B /* PebbleKit-iOS-Tutorial-3Tests.xctest */,
			);
			name = Products;
			sourceTree = "<group>";
		};
		6E1D9FAF1A655F1C008F6B0B /* PebbleKit-iOS-Tutorial-3 */ = {
			isa = PBXGroup;
			children = (
				6E1D9FB41A655F1C008F6B0B /* AppDelegate.h */,
				6E1D9FB51A655F1C008F6B0B /* AppDelegate.m */,
				6E1D9FB71A655F1C008F6B0B /* ViewController.h */,
				6E1D9FB81A655F1C008F6B0B /* ViewController.m */,
				6E1D9FBA1A655F1C008F6B0B /* Main.storyboard */,
				6E1D9FBD1A655F1C008F6B0B /* Images.xcassets */,
				6E1D9FBF1A655F1C008F6B0B /* LaunchScreen.xib */,
				6E1D9FB01A655F1C008F6B0B /* Supporting Files */,
			);
			path = "PebbleKit-iOS-Tutorial-3";
			sourceTree = "<group>";
		};
		6E1D9FB01A655F1C008F6B0B /* Supporting Files */ = {
			isa = PBXGroup;
			children = (
				6E52878A1A732EB400625DFB /* paper.png */,
				6E52878B1A732EB400625DFB /* rock.png */,
				6E52878C1A732EB400625DFB /* scissors.png */,
				6E52878D1A732EB400625DFB /* unknown.png */,
				6E1D9FB11A655F1C008F6B0B /* Info.plist */,
				6E1D9FB21A655F1C008F6B0B /* main.m */,
			);
			name = "Supporting Files";
			sourceTree = "<group>";
		};
		6E1D9FC91A655F1C008F6B0B /* PebbleKit-iOS-Tutorial-3Tests */ = {
			isa = PBXGroup;
			children = (
				6E1D9FCC1A655F1C008F6B0B /* PebbleKit_iOS_Tutorial_3Tests.m */,
				6E1D9FCA1A655F1C008F6B0B /* Supporting Files */,
			);
			path = "PebbleKit-iOS-Tutorial-3Tests";
			sourceTree = "<group>";
		};
		6E1D9FCA1A655F1C008F6B0B /* Supporting Files */ = {
			isa = PBXGroup;
			children = (
				6E1D9FCB1A655F1C008F6B0B /* Info.plist */,
			);
			name = "Supporting Files";
			sourceTree = "<group>";
		};
		A33219C43F8249F1A3162CB7 /* Pods */ = {
			isa = PBXGroup;
			children = (
				9E1FFA1D90D9899645BC80DD /* Pods.debug.xcconfig */,
				9C550FAC40F0CCA2A9C5F208 /* Pods.release.xcconfig */,
			);
			name = Pods;
			sourceTree = "<group>";
		};
/* End PBXGroup section */

/* Begin PBXNativeTarget section */
		6E1D9FAC1A655F1C008F6B0B /* PebbleKit-iOS-Tutorial-3 */ = {
			isa = PBXNativeTarget;
			buildConfigurationList = 6E1D9FD01A655F1C008F6B0B /* Build configuration list for PBXNativeTarget "PebbleKit-iOS-Tutorial-3" */;
			buildPhases = (
				9E3FF70CB5D6A9854779579D /* Check Pods Manifest.lock */,
				6E1D9FA91A655F1C008F6B0B /* Sources */,
				6E1D9FAA1A655F1C008F6B0B /* Frameworks */,
				6E1D9FAB1A655F1C008F6B0B /* Resources */,
				833E33C0BD368D0D00902918 /* Copy Pods Resources */,
			);
			buildRules = (
			);
			dependencies = (
			);
			name = "PebbleKit-iOS-Tutorial-3";
			productName = "PebbleKit-iOS-Tutorial-3";
			productReference = 6E1D9FAD1A655F1C008F6B0B /* PebbleKit-iOS-Tutorial-3.app */;
			productType = "com.apple.product-type.application";
		};
		6E1D9FC51A655F1C008F6B0B /* PebbleKit-iOS-Tutorial-3Tests */ = {
			isa = PBXNativeTarget;
			buildConfigurationList = 6E1D9FD31A655F1C008F6B0B /* Build configuration list for PBXNativeTarget "PebbleKit-iOS-Tutorial-3Tests" */;
			buildPhases = (
				6E1D9FC21A655F1C008F6B0B /* Sources */,
				6E1D9FC31A655F1C008F6B0B /* Frameworks */,
				6E1D9FC41A655F1C008F6B0B /* Resources */,
			);
			buildRules = (
			);
			dependencies = (
				6E1D9FC81A655F1C008F6B0B /* PBXTargetDependency */,
			);
			name = "PebbleKit-iOS-Tutorial-3Tests";
			productName = "PebbleKit-iOS-Tutorial-3Tests";
			productReference = 6E1D9FC61A655F1C008F6B0B /* PebbleKit-iOS-Tutorial-3Tests.xctest */;
			productType = "com.apple.product-type.bundle.unit-test";
		};
/* End PBXNativeTarget section */

/* Begin PBXProject section */
		6E1D9FA51A655F1C008F6B0B /* Project object */ = {
			isa = PBXProject;
			attributes = {
				LastUpgradeCheck = 0610;
				ORGANIZATIONNAME = Pebble;
				TargetAttributes = {
					6E1D9FAC1A655F1C008F6B0B = {
						CreatedOnToolsVersion = 6.1;
					};
					6E1D9FC51A655F1C008F6B0B = {
						CreatedOnToolsVersion = 6.1;
						TestTargetID = 6E1D9FAC1A655F1C008F6B0B;
					};
				};
			};
			buildConfigurationList = 6E1D9FA81A655F1C008F6B0B /* Build configuration list for PBXProject "PebbleKit-iOS-Tutorial-3" */;
			compatibilityVersion = "Xcode 3.2";
			developmentRegion = English;
			hasScannedForEncodings = 0;
			knownRegions = (
				en,
				Base,
			);
			mainGroup = 6E1D9FA41A655F1C008F6B0B;
			productRefGroup = 6E1D9FAE1A655F1C008F6B0B /* Products */;
			projectDirPath = "";
			projectRoot = "";
			targets = (
				6E1D9FAC1A655F1C008F6B0B /* PebbleKit-iOS-Tutorial-3 */,
				6E1D9FC51A655F1C008F6B0B /* PebbleKit-iOS-Tutorial-3Tests */,
			);
		};
/* End PBXProject section */

/* Begin PBXResourcesBuildPhase section */
		6E1D9FAB1A655F1C008F6B0B /* Resources */ = {
			isa = PBXResourcesBuildPhase;
			buildActionMask = 2147483647;
			files = (
				6E52878E1A732EB400625DFB /* paper.png in Resources */,
				6E5287911A732EB400625DFB /* unknown.png in Resources */,
				6E52878F1A732EB400625DFB /* rock.png in Resources */,
				6E5287901A732EB400625DFB /* scissors.png in Resources */,
				6E1D9FBC1A655F1C008F6B0B /* Main.storyboard in Resources */,
				6E1D9FC11A655F1C008F6B0B /* LaunchScreen.xib in Resources */,
				6E1D9FBE1A655F1C008F6B0B /* Images.xcassets in Resources */,
			);
			runOnlyForDeploymentPostprocessing = 0;
		};
		6E1D9FC41A655F1C008F6B0B /* Resources */ = {
			isa = PBXResourcesBuildPhase;
			buildActionMask = 2147483647;
			files = (
			);
			runOnlyForDeploymentPostprocessing = 0;
		};
/* End PBXResourcesBuildPhase section */

/* Begin PBXShellScriptBuildPhase section */
		833E33C0BD368D0D00902918 /* Copy Pods Resources */ = {
			isa = PBXShellScriptBuildPhase;
			buildActionMask = 2147483647;
			files = (
			);
			inputPaths = (
			);
			name = "Copy Pods Resources";
			outputPaths = (
			);
			runOnlyForDeploymentPostprocessing = 0;
			shellPath = /bin/sh;
			shellScript = "\"${SRCROOT}/Pods/Target Support Files/Pods/Pods-resources.sh\"\n";
			showEnvVarsInLog = 0;
		};
		9E3FF70CB5D6A9854779579D /* Check Pods Manifest.lock */ = {
			isa = PBXShellScriptBuildPhase;
			buildActionMask = 2147483647;
			files = (
			);
			inputPaths = (
			);
			name = "Check Pods Manifest.lock";
			outputPaths = (
			);
			runOnlyForDeploymentPostprocessing = 0;
			shellPath = /bin/sh;
			shellScript = "diff \"${PODS_ROOT}/../Podfile.lock\" \"${PODS_ROOT}/Manifest.lock\" > /dev/null\nif [[ $? != 0 ]] ; then\n    cat << EOM\nerror: The sandbox is not in sync with the Podfile.lock. Run 'pod install' or update your CocoaPods installation.\nEOM\n    exit 1\nfi\n";
			showEnvVarsInLog = 0;
		};
/* End PBXShellScriptBuildPhase section */

/* Begin PBXSourcesBuildPhase section */
		6E1D9FA91A655F1C008F6B0B /* Sources */ = {
			isa = PBXSourcesBuildPhase;
			buildActionMask = 2147483647;
			files = (
				6E1D9FB91A655F1C008F6B0B /* ViewController.m in Sources */,
				6E1D9FB61A655F1C008F6B0B /* AppDelegate.m in Sources */,
				6E1D9FB31A655F1C008F6B0B /* main.m in Sources */,
			);
			runOnlyForDeploymentPostprocessing = 0;
		};
		6E1D9FC21A655F1C008F6B0B /* Sources */ = {
			isa = PBXSourcesBuildPhase;
			buildActionMask = 2147483647;
			files = (
				6E1D9FCD1A655F1C008F6B0B /* PebbleKit_iOS_Tutorial_3Tests.m in Sources */,
			);
			runOnlyForDeploymentPostprocessing = 0;
		};
/* End PBXSourcesBuildPhase section */

/* Begin PBXTargetDependency section */
		6E1D9FC81A655F1C008F6B0B /* PBXTargetDependency */ = {
			isa = PBXTargetDependency;
			target = 6E1D9FAC1A655F1C008F6B0B /* PebbleKit-iOS-Tutorial-3 */;
			targetProxy = 6E1D9FC71A655F1C008F6B0B /* PBXContainerItemProxy */;
		};
/* End PBXTargetDependency section */

/* Begin PBXVariantGroup section */
		6E1D9FBA1A655F1C008F6B0B /* Main.storyboard */ = {
			isa = PBXVariantGroup;
			children = (
				6E1D9FBB1A655F1C008F6B0B /* Base */,
			);
			name = Main.storyboard;
			sourceTree = "<group>";
		};
		6E1D9FBF1A655F1C008F6B0B /* LaunchScreen.xib */ = {
			isa = PBXVariantGroup;
			children = (
				6E1D9FC01A655F1C008F6B0B /* Base */,
			);
			name = LaunchScreen.xib;
			sourceTree = "<group>";
		};
/* End PBXVariantGroup section */

/* Begin XCBuildConfiguration section */
		6E1D9FCE1A655F1C008F6B0B /* Debug */ = {
			isa = XCBuildConfiguration;
			buildSettings = {
				ALWAYS_SEARCH_USER_PATHS = NO;
				CLANG_CXX_LANGUAGE_STANDARD = "gnu++0x";
				CLANG_CXX_LIBRARY = "libc++";
				CLANG_ENABLE_MODULES = YES;
				CLANG_ENABLE_OBJC_ARC = YES;
				CLANG_WARN_BOOL_CONVERSION = YES;
				CLANG_WARN_CONSTANT_CONVERSION = YES;
				CLANG_WARN_DIRECT_OBJC_ISA_USAGE = YES_ERROR;
				CLANG_WARN_EMPTY_BODY = YES;
				CLANG_WARN_ENUM_CONVERSION = YES;
				CLANG_WARN_INT_CONVERSION = YES;
				CLANG_WARN_OBJC_ROOT_CLASS = YES_ERROR;
				CLANG_WARN_UNREACHABLE_CODE = YES;
				CLANG_WARN__DUPLICATE_METHOD_MATCH = YES;
				"CODE_SIGN_IDENTITY[sdk=iphoneos*]" = "iPhone Developer";
				COPY_PHASE_STRIP = NO;
				ENABLE_STRICT_OBJC_MSGSEND = YES;
				GCC_C_LANGUAGE_STANDARD = gnu99;
				GCC_DYNAMIC_NO_PIC = NO;
				GCC_OPTIMIZATION_LEVEL = 0;
				GCC_PREPROCESSOR_DEFINITIONS = (
					"DEBUG=1",
					"$(inherited)",
				);
				GCC_SYMBOLS_PRIVATE_EXTERN = NO;
				GCC_WARN_64_TO_32_BIT_CONVERSION = YES;
				GCC_WARN_ABOUT_RETURN_TYPE = YES_ERROR;
				GCC_WARN_UNDECLARED_SELECTOR = YES;
				GCC_WARN_UNINITIALIZED_AUTOS = YES_AGGRESSIVE;
				GCC_WARN_UNUSED_FUNCTION = YES;
				GCC_WARN_UNUSED_VARIABLE = YES;
				IPHONEOS_DEPLOYMENT_TARGET = 8.1;
				MTL_ENABLE_DEBUG_INFO = YES;
				ONLY_ACTIVE_ARCH = YES;
				SDKROOT = iphoneos;
			};
			name = Debug;
		};
		6E1D9FCF1A655F1C008F6B0B /* Release */ = {
			isa = XCBuildConfiguration;
			buildSettings = {
				ALWAYS_SEARCH_USER_PATHS = NO;
				CLANG_CXX_LANGUAGE_STANDARD = "gnu++0x";
				CLANG_CXX_LIBRARY = "libc++";
				CLANG_ENABLE_MODULES = YES;
				CLANG_ENABLE_OBJC_ARC = YES;
				CLANG_WARN_BOOL_CONVERSION = YES;
				CLANG_WARN_CONSTANT_CONVERSION = YES;
				CLANG_WARN_DIRECT_OBJC_ISA_USAGE = YES_ERROR;
				CLANG_WARN_EMPTY_BODY = YES;
				CLANG_WARN_ENUM_CONVERSION = YES;
				CLANG_WARN_INT_CONVERSION = YES;
				CLANG_WARN_OBJC_ROOT_CLASS = YES_ERROR;
				CLANG_WARN_UNREACHABLE_CODE = YES;
				CLANG_WARN__DUPLICATE_METHOD_MATCH = YES;
				"CODE_SIGN_IDENTITY[sdk=iphoneos*]" = "iPhone Developer";
				COPY_PHASE_STRIP = YES;
				ENABLE_NS_ASSERTIONS = NO;
				ENABLE_STRICT_OBJC_MSGSEND = YES;
				GCC_C_LANGUAGE_STANDARD = gnu99;
				GCC_WARN_64_TO_32_BIT_CONVERSION = YES;
				GCC_WARN_ABOUT_RETURN_TYPE = YES_ERROR;
				GCC_WARN_UNDECLARED_SELECTOR = YES;
				GCC_WARN_UNINITIALIZED_AUTOS = YES_AGGRESSIVE;
				GCC_WARN_UNUSED_FUNCTION = YES;
				GCC_WARN_UNUSED_VARIABLE = YES;
				IPHONEOS_DEPLOYMENT_TARGET = 8.1;
				MTL_ENABLE_DEBUG_INFO = NO;
				SDKROOT = iphoneos;
				VALIDATE_PRODUCT = YES;
			};
			name = Release;
		};
		6E1D9FD11A655F1C008F6B0B /* Debug */ = {
			isa = XCBuildConfiguration;
			baseConfigurationReference = 9E1FFA1D90D9899645BC80DD /* Pods.debug.xcconfig */;
			buildSettings = {
				ASSETCATALOG_COMPILER_APPICON_NAME = AppIcon;
				ENABLE_BITCODE = NO;
				INFOPLIST_FILE = "PebbleKit-iOS-Tutorial-3/Info.plist";
				LD_RUNPATH_SEARCH_PATHS = "$(inherited) @executable_path/Frameworks";
				PRODUCT_NAME = "$(TARGET_NAME)";
			};
			name = Debug;
		};
		6E1D9FD21A655F1C008F6B0B /* Release */ = {
			isa = XCBuildConfiguration;
			baseConfigurationReference = 9C550FAC40F0CCA2A9C5F208 /* Pods.release.xcconfig */;
			buildSettings = {
				ASSETCATALOG_COMPILER_APPICON_NAME = AppIcon;
				ENABLE_BITCODE = NO;
				INFOPLIST_FILE = "PebbleKit-iOS-Tutorial-3/Info.plist";
				LD_RUNPATH_SEARCH_PATHS = "$(inherited) @executable_path/Frameworks";
				PRODUCT_NAME = "$(TARGET_NAME)";
			};
			name = Release;
		};
		6E1D9FD41A655F1C008F6B0B /* Debug */ = {
			isa = XCBuildConfiguration;
			buildSettings = {
				BUNDLE_LOADER = "$(TEST_HOST)";
				FRAMEWORK_SEARCH_PATHS = (
					"$(SDKROOT)/Developer/Library/Frameworks",
					"$(inherited)",
				);
				GCC_PREPROCESSOR_DEFINITIONS = (
					"DEBUG=1",
					"$(inherited)",
				);
				INFOPLIST_FILE = "PebbleKit-iOS-Tutorial-3Tests/Info.plist";
				LD_RUNPATH_SEARCH_PATHS = "$(inherited) @executable_path/Frameworks @loader_path/Frameworks";
				PRODUCT_NAME = "$(TARGET_NAME)";
				TEST_HOST = "$(BUILT_PRODUCTS_DIR)/PebbleKit-iOS-Tutorial-3.app/PebbleKit-iOS-Tutorial-3";
			};
			name = Debug;
		};
		6E1D9FD51A655F1C008F6B0B /* Release */ = {
			isa = XCBuildConfiguration;
			buildSettings = {
				BUNDLE_LOADER = "$(TEST_HOST)";
				FRAMEWORK_SEARCH_PATHS = (
					"$(SDKROOT)/Developer/Library/Frameworks",
					"$(inherited)",
				);
				INFOPLIST_FILE = "PebbleKit-iOS-Tutorial-3Tests/Info.plist";
				LD_RUNPATH_SEARCH_PATHS = "$(inherited) @executable_path/Frameworks @loader_path/Frameworks";
				PRODUCT_NAME = "$(TARGET_NAME)";
				TEST_HOST = "$(BUILT_PRODUCTS_DIR)/PebbleKit-iOS-Tutorial-3.app/PebbleKit-iOS-Tutorial-3";
			};
			name = Release;
		};
/* End XCBuildConfiguration section */

/* Begin XCConfigurationList section */
		6E1D9FA81A655F1C008F6B0B /* Build configuration list for PBXProject "PebbleKit-iOS-Tutorial-3" */ = {
			isa = XCConfigurationList;
			buildConfigurations = (
				6E1D9FCE1A655F1C008F6B0B /* Debug */,
				6E1D9FCF1A655F1C008F6B0B /* Release */,
			);
			defaultConfigurationIsVisible = 0;
			defaultConfigurationName = Release;
		};
		6E1D9FD01A655F1C008F6B0B /* Build configuration list for PBXNativeTarget "PebbleKit-iOS-Tutorial-3" */ = {
			isa = XCConfigurationList;
			buildConfigurations = (
				6E1D9FD11A655F1C008F6B0B /* Debug */,
				6E1D9FD21A655F1C008F6B0B /* Release */,
			);
			defaultConfigurationIsVisible = 0;
			defaultConfigurationName = Release;
		};
		6E1D9FD31A655F1C008F6B0B /* Build configuration list for PBXNativeTarget "PebbleKit-iOS-Tutorial-3Tests" */ = {
			isa = XCConfigurationList;
			buildConfigurations = (
				6E1D9FD41A655F1C008F6B0B /* Debug */,
				6E1D9FD51A655F1C008F6B0B /* Release */,
			);
			defaultConfigurationIsVisible = 0;
			defaultConfigurationName = Release;
		};
/* End XCConfigurationList section */
	};
	rootObject = 6E1D9FA51A655F1C008F6B0B /* Project object */;
}
